
Microsoft Visual Studio Solution File, Format Version 12.00
# Visual Studio Version 17
VisualStudioVersion = 17.5.33516.290
MinimumVisualStudioVersion = 10.0.40219.1
Project("{8BC9CEB8-8B4A-11D0-8D11-00A0C91BC942}") = "Game_DaZhuanKuai", "Game_DaZhuanKuai\Game_DaZhuanKuai.vcxproj", "{1BCF6A10-66EC-4B3B-AEC2-C2AC1FEB296D}"
EndProject
Global
	GlobalSection(SolutionConfigurationPlatforms) = preSolution
		Debug|x64 = Debug|x64
		Debug|x86 = Debug|x86
		Release|x64 = Release|x64
		Release|x86 = Release|x86
	EndGlobalSection
	GlobalSection(ProjectConfigurationPlatforms) = postSolution
		{1BCF6A10-66EC-4B3B-AEC2-C2AC1FEB296D}.Debug|x64.ActiveCfg = Debug|x64
		{1BCF6A10-66EC-4B3B-AEC2-C2AC1FEB296D}.Debug|x64.Build.0 = Debug|x64
		{1BCF6A10-66EC-4B3B-AEC2-C2AC1FEB296D}.Debug|x86.ActiveCfg = Debug|Win32
		{1BCF6A10-66EC-4B3B-AEC2-C2AC1FEB296D}.Debug|x86.Build.0 = Debug|Win32
		{1BCF6A10-66EC-4B3B-AEC2-C2AC1FEB296D}.Release|x64.ActiveCfg = Release|x64
		{1BCF6A10-66EC-4B3B-AEC2-C2AC1FEB296D}.Release|x64.Build.0 = Release|x64
		{1BCF6A10-66EC-4B3B-AEC2-C2AC1FEB296D}.Release|x86.ActiveCfg = Release|Win32
		{1BCF6A10-66EC-4B3B-AEC2-C2AC1FEB296D}.Release|x86.Build.0 = Release|Win32
	EndGlobalSection
	GlobalSection(SolutionProperties) = preSolution
		HideSolutionNode = FALSE
	EndGlobalSection
	GlobalSection(ExtensibilityGlobals) = postSolution
		SolutionGuid = {DF6F8769-6B9D-414E-AF9B-4B8E057367FE}
	EndGlobalSection
EndGlobal
